
Microsoft Visual Studio Solution File, Format Version 12.00
# Visual Studio Version 17
VisualStudioVersion = 17.1.32210.238
MinimumVisualStudioVersion = 10.0.40219.1
Project("{FAE04EC0-301F-11D3-BF4B-00C04F79EFBC}") = "API_Atividade", "API_Atividade.csproj", "{483204D5-FFF6-4077-9576-14E9B8DD3F57}"
EndProject
Global
	GlobalSection(SolutionConfigurationPlatforms) = preSolution
		Debug|Any CPU = Debug|Any CPU
		Release|Any CPU = Release|Any CPU
	EndGlobalSection
	GlobalSection(ProjectConfigurationPlatforms) = postSolution
		{483204D5-FFF6-4077-9576-14E9B8DD3F57}.Debug|Any CPU.ActiveCfg = Debug|Any CPU
		{483204D5-FFF6-4077-9576-14E9B8DD3F57}.Debug|Any CPU.Build.0 = Debug|Any CPU
		{483204D5-FFF6-4077-9576-14E9B8DD3F57}.Release|Any CPU.ActiveCfg = Release|Any CPU
		{483204D5-FFF6-4077-9576-14E9B8DD3F57}.Release|Any CPU.Build.0 = Release|Any CPU
	EndGlobalSection
	GlobalSection(SolutionProperties) = preSolution
		HideSolutionNode = FALSE
	EndGlobalSection
	GlobalSection(ExtensibilityGlobals) = postSolution
		SolutionGuid = {55F5B5D7-7109-4B38-AEDE-A91610EFCB99}
	EndGlobalSection
EndGlobal
